
Microsoft Visual Studio Solution File, Format Version 12.00
# Visual Studio Version 17
VisualStudioVersion = 17.10.35013.160
MinimumVisualStudioVersion = 10.0.40219.1
Project("{2150E333-8FDC-42A3-9474-1A3956D46DE8}") = "src", "src", "{23F8F739-2DE2-4491-AB05-C16EE688D945}"
EndProject
Project("{2150E333-8FDC-42A3-9474-1A3956D46DE8}") = "tests", "tests", "{1AC0C3B6-D706-40A8-A19C-55B1837FA1E2}"
EndProject
Project("{FAE04EC0-301F-11D3-BF4B-00C04F79EFBC}") = "CashFlow.Api", "src\CashFlow.Api\CashFlow.Api.csproj", "{FFEE8E01-DCBB-4997-BB14-B8FCBCA459CA}"
EndProject
Project("{FAE04EC0-301F-11D3-BF4B-00C04F79EFBC}") = "CashFlow.Domain", "src\CashFlow.Domain\CashFlow.Domain.csproj", "{132FC83F-2852-40B9-B672-4B8DD1C8FEBB}"
EndProject
Project("{FAE04EC0-301F-11D3-BF4B-00C04F79EFBC}") = "CashFlow.Application", "src\CashFlow.Application\CashFlow.Application.csproj", "{63205626-DCE8-43D0-96DF-909D2455E4AA}"
EndProject
Project("{FAE04EC0-301F-11D3-BF4B-00C04F79EFBC}") = "CashFlow.Communication", "src\CashFlow.Communication\CashFlow.Communication.csproj", "{087DDE59-FF85-4BEE-83F9-A81B13C1BFAC}"
EndProject
Project("{FAE04EC0-301F-11D3-BF4B-00C04F79EFBC}") = "CashFlow.Exception", "src\CashFlow.Exception\CashFlow.Exception.csproj", "{B5FD2164-17F5-4779-BC94-E417A38DE228}"
EndProject
Project("{FAE04EC0-301F-11D3-BF4B-00C04F79EFBC}") = "CashFlow.Infrastructure", "src\CashFlow.Infrastructure\CashFlow.Infrastructure.csproj", "{C89FBF6A-838E-4D0A-A36E-4B3DBF62BAB4}"
EndProject
Global
	GlobalSection(SolutionConfigurationPlatforms) = preSolution
		Debug|Any CPU = Debug|Any CPU
		Release|Any CPU = Release|Any CPU
	EndGlobalSection
	GlobalSection(ProjectConfigurationPlatforms) = postSolution
		{FFEE8E01-DCBB-4997-BB14-B8FCBCA459CA}.Debug|Any CPU.ActiveCfg = Debug|Any CPU
		{FFEE8E01-DCBB-4997-BB14-B8FCBCA459CA}.Debug|Any CPU.Build.0 = Debug|Any CPU
		{FFEE8E01-DCBB-4997-BB14-B8FCBCA459CA}.Release|Any CPU.ActiveCfg = Release|Any CPU
		{FFEE8E01-DCBB-4997-BB14-B8FCBCA459CA}.Release|Any CPU.Build.0 = Release|Any CPU
		{132FC83F-2852-40B9-B672-4B8DD1C8FEBB}.Debug|Any CPU.ActiveCfg = Debug|Any CPU
		{132FC83F-2852-40B9-B672-4B8DD1C8FEBB}.Debug|Any CPU.Build.0 = Debug|Any CPU
		{132FC83F-2852-40B9-B672-4B8DD1C8FEBB}.Release|Any CPU.ActiveCfg = Release|Any CPU
		{132FC83F-2852-40B9-B672-4B8DD1C8FEBB}.Release|Any CPU.Build.0 = Release|Any CPU
		{63205626-DCE8-43D0-96DF-909D2455E4AA}.Debug|Any CPU.ActiveCfg = Debug|Any CPU
		{63205626-DCE8-43D0-96DF-909D2455E4AA}.Debug|Any CPU.Build.0 = Debug|Any CPU
		{63205626-DCE8-43D0-96DF-909D2455E4AA}.Release|Any CPU.ActiveCfg = Release|Any CPU
		{63205626-DCE8-43D0-96DF-909D2455E4AA}.Release|Any CPU.Build.0 = Release|Any CPU
		{087DDE59-FF85-4BEE-83F9-A81B13C1BFAC}.Debug|Any CPU.ActiveCfg = Debug|Any CPU
		{087DDE59-FF85-4BEE-83F9-A81B13C1BFAC}.Debug|Any CPU.Build.0 = Debug|Any CPU
		{087DDE59-FF85-4BEE-83F9-A81B13C1BFAC}.Release|Any CPU.ActiveCfg = Release|Any CPU
		{087DDE59-FF85-4BEE-83F9-A81B13C1BFAC}.Release|Any CPU.Build.0 = Release|Any CPU
		{B5FD2164-17F5-4779-BC94-E417A38DE228}.Debug|Any CPU.ActiveCfg = Debug|Any CPU
		{B5FD2164-17F5-4779-BC94-E417A38DE228}.Debug|Any CPU.Build.0 = Debug|Any CPU
		{B5FD2164-17F5-4779-BC94-E417A38DE228}.Release|Any CPU.ActiveCfg = Release|Any CPU
		{B5FD2164-17F5-4779-BC94-E417A38DE228}.Release|Any CPU.Build.0 = Release|Any CPU
		{C89FBF6A-838E-4D0A-A36E-4B3DBF62BAB4}.Debug|Any CPU.ActiveCfg = Debug|Any CPU
		{C89FBF6A-838E-4D0A-A36E-4B3DBF62BAB4}.Debug|Any CPU.Build.0 = Debug|Any CPU
		{C89FBF6A-838E-4D0A-A36E-4B3DBF62BAB4}.Release|Any CPU.ActiveCfg = Release|Any CPU
		{C89FBF6A-838E-4D0A-A36E-4B3DBF62BAB4}.Release|Any CPU.Build.0 = Release|Any CPU
	EndGlobalSection
	GlobalSection(SolutionProperties) = preSolution
		HideSolutionNode = FALSE
	EndGlobalSection
	GlobalSection(NestedProjects) = preSolution
		{FFEE8E01-DCBB-4997-BB14-B8FCBCA459CA} = {23F8F739-2DE2-4491-AB05-C16EE688D945}
		{132FC83F-2852-40B9-B672-4B8DD1C8FEBB} = {23F8F739-2DE2-4491-AB05-C16EE688D945}
		{63205626-DCE8-43D0-96DF-909D2455E4AA} = {23F8F739-2DE2-4491-AB05-C16EE688D945}
		{087DDE59-FF85-4BEE-83F9-A81B13C1BFAC} = {23F8F739-2DE2-4491-AB05-C16EE688D945}
		{B5FD2164-17F5-4779-BC94-E417A38DE228} = {23F8F739-2DE2-4491-AB05-C16EE688D945}
		{C89FBF6A-838E-4D0A-A36E-4B3DBF62BAB4} = {23F8F739-2DE2-4491-AB05-C16EE688D945}
	EndGlobalSection
	GlobalSection(ExtensibilityGlobals) = postSolution
		SolutionGuid = {DF580B38-9AEC-48A2-97C2-FCCBAB3BEA35}
	EndGlobalSection
EndGlobal
